
Microsoft Visual Studio Solution File, Format Version 12.00
# Visual Studio Version 17
VisualStudioVersion = 17.1.32319.34
MinimumVisualStudioVersion = 10.0.40219.1
Project("{FAE04EC0-301F-11D3-BF4B-00C04F79EFBC}") = "SCE.Domain", "SCE.Domain\SCE.Domain.csproj", "{EC1901BC-1CEF-4536-AD58-F33B68FBA8BB}"
EndProject
Global
	GlobalSection(SolutionConfigurationPlatforms) = preSolution
		Debug|Any CPU = Debug|Any CPU
		Release|Any CPU = Release|Any CPU
	EndGlobalSection
	GlobalSection(ProjectConfigurationPlatforms) = postSolution
		{EC1901BC-1CEF-4536-AD58-F33B68FBA8BB}.Debug|Any CPU.ActiveCfg = Debug|Any CPU
		{EC1901BC-1CEF-4536-AD58-F33B68FBA8BB}.Debug|Any CPU.Build.0 = Debug|Any CPU
		{EC1901BC-1CEF-4536-AD58-F33B68FBA8BB}.Release|Any CPU.ActiveCfg = Release|Any CPU
		{EC1901BC-1CEF-4536-AD58-F33B68FBA8BB}.Release|Any CPU.Build.0 = Release|Any CPU
	EndGlobalSection
	GlobalSection(SolutionProperties) = preSolution
		HideSolutionNode = FALSE
	EndGlobalSection
	GlobalSection(ExtensibilityGlobals) = postSolution
		SolutionGuid = {5B6E43C1-4018-4035-89A0-A8345484BF9B}
	EndGlobalSection
EndGlobal
